{
  "R": {
    "Version": "4.0.0",
    "Repositories": [
      {
        "Name": "CRAN",
        "URL": "https://cloud.r-project.org"
      }
    ]
  },
  "Packages": {
    "tidyverse": {
      "Package": "tidyverse",
      "Version": "2.0.0",
      "Source": "Repository",
      "Repository": "CRAN"
    },
    "lubridate": {
      "Package": "lubridate",
      "Version": "1.9.3",
      "Source": "Repository",
      "Repository": "CRAN"
    },
    "DBI": {
      "Package": "DBI",
      "Version": "1.2.3",
      "Source": "Repository",
      "Repository": "CRAN"
    },
    "RSQLite": {
      "Package": "RSQLite",
      "Version": "2.3.7",
      "Source": "Repository",
      "Repository": "CRAN"
    },
    "readr": {
      "Package": "readr",
      "Version": "2.1.5",
      "Source": "Repository",
      "Repository": "CRAN"
    },
    "dplyr": {
      "Package": "dplyr",
      "Version": "1.1.4",
      "Source": "Repository",
      "Repository": "CRAN"
    },
    "jsonlite": {
      "Package": "jsonlite",
      "Version": "1.8.8",
      "Source": "Repository",
      "Repository": "CRAN"
    }
  }
}
